
Microsoft Visual Studio Solution File, Format Version 12.00
# Visual Studio Version 17
VisualStudioVersion = 17.0.31903.59
MinimumVisualStudioVersion = 10.0.40219.1
Project("{2150E333-8FDC-42A3-9474-1A3956D46DE8}") = "src", "src", "{E2EA3531-D588-4507-AE9B-B9EC341E1799}"
EndProject
Project("{2150E333-8FDC-42A3-9474-1A3956D46DE8}") = "backend", "backend", "{591E2DF8-2EFF-4C62-A2CC-0A0FD0C40F74}"
EndProject
Project("{2150E333-8FDC-42A3-9474-1A3956D46DE8}") = "Core", "Core", "{79F92F2A-979B-404C-9568-B1545C7C8F6C}"
EndProject
Project("{FAE04EC0-301F-11D3-BF4B-00C04F79EFBC}") = "Domain", "src\backend\Core\Domain\Domain.csproj", "{5430005C-EBA1-4DC0-9A96-AEDC0C8436AD}"
EndProject
Project("{FAE04EC0-301F-11D3-BF4B-00C04F79EFBC}") = "Application", "src\backend\Core\Application\Application.csproj", "{2889023D-0031-43E7-AF23-3EADCAF7D1D3}"
EndProject
Project("{FAE04EC0-301F-11D3-BF4B-00C04F79EFBC}") = "Shared", "src\backend\Core\Shared\Shared.csproj", "{529DCEC8-F228-4774-BB68-5849BB079B27}"
EndProject
Project("{FAE04EC0-301F-11D3-BF4B-00C04F79EFBC}") = "Infrastructure", "src\backend\Infrastructure\Infrastructure.csproj", "{F3709E95-A737-4275-8F33-9F3A71747633}"
EndProject
Project("{FAE04EC0-301F-11D3-BF4B-00C04F79EFBC}") = "PublicApi", "src\backend\PublicApi\PublicApi.csproj", "{E78DF68E-0C1F-456E-B78D-4294699DB3CB}"
EndProject
Global
	GlobalSection(SolutionConfigurationPlatforms) = preSolution
		Debug|Any CPU = Debug|Any CPU
		Release|Any CPU = Release|Any CPU
	EndGlobalSection
	GlobalSection(SolutionProperties) = preSolution
		HideSolutionNode = FALSE
	EndGlobalSection
	GlobalSection(ProjectConfigurationPlatforms) = postSolution
		{5430005C-EBA1-4DC0-9A96-AEDC0C8436AD}.Debug|Any CPU.ActiveCfg = Debug|Any CPU
		{5430005C-EBA1-4DC0-9A96-AEDC0C8436AD}.Debug|Any CPU.Build.0 = Debug|Any CPU
		{5430005C-EBA1-4DC0-9A96-AEDC0C8436AD}.Release|Any CPU.ActiveCfg = Release|Any CPU
		{5430005C-EBA1-4DC0-9A96-AEDC0C8436AD}.Release|Any CPU.Build.0 = Release|Any CPU
		{2889023D-0031-43E7-AF23-3EADCAF7D1D3}.Debug|Any CPU.ActiveCfg = Debug|Any CPU
		{2889023D-0031-43E7-AF23-3EADCAF7D1D3}.Debug|Any CPU.Build.0 = Debug|Any CPU
		{2889023D-0031-43E7-AF23-3EADCAF7D1D3}.Release|Any CPU.ActiveCfg = Release|Any CPU
		{2889023D-0031-43E7-AF23-3EADCAF7D1D3}.Release|Any CPU.Build.0 = Release|Any CPU
		{529DCEC8-F228-4774-BB68-5849BB079B27}.Debug|Any CPU.ActiveCfg = Debug|Any CPU
		{529DCEC8-F228-4774-BB68-5849BB079B27}.Debug|Any CPU.Build.0 = Debug|Any CPU
		{529DCEC8-F228-4774-BB68-5849BB079B27}.Release|Any CPU.ActiveCfg = Release|Any CPU
		{529DCEC8-F228-4774-BB68-5849BB079B27}.Release|Any CPU.Build.0 = Release|Any CPU
		{F3709E95-A737-4275-8F33-9F3A71747633}.Debug|Any CPU.ActiveCfg = Debug|Any CPU
		{F3709E95-A737-4275-8F33-9F3A71747633}.Debug|Any CPU.Build.0 = Debug|Any CPU
		{F3709E95-A737-4275-8F33-9F3A71747633}.Release|Any CPU.ActiveCfg = Release|Any CPU
		{F3709E95-A737-4275-8F33-9F3A71747633}.Release|Any CPU.Build.0 = Release|Any CPU
		{E78DF68E-0C1F-456E-B78D-4294699DB3CB}.Debug|Any CPU.ActiveCfg = Debug|Any CPU
		{E78DF68E-0C1F-456E-B78D-4294699DB3CB}.Debug|Any CPU.Build.0 = Debug|Any CPU
		{E78DF68E-0C1F-456E-B78D-4294699DB3CB}.Release|Any CPU.ActiveCfg = Release|Any CPU
		{E78DF68E-0C1F-456E-B78D-4294699DB3CB}.Release|Any CPU.Build.0 = Release|Any CPU
	EndGlobalSection
	GlobalSection(NestedProjects) = preSolution
		{591E2DF8-2EFF-4C62-A2CC-0A0FD0C40F74} = {E2EA3531-D588-4507-AE9B-B9EC341E1799}
		{79F92F2A-979B-404C-9568-B1545C7C8F6C} = {591E2DF8-2EFF-4C62-A2CC-0A0FD0C40F74}
		{5430005C-EBA1-4DC0-9A96-AEDC0C8436AD} = {79F92F2A-979B-404C-9568-B1545C7C8F6C}
		{2889023D-0031-43E7-AF23-3EADCAF7D1D3} = {79F92F2A-979B-404C-9568-B1545C7C8F6C}
		{529DCEC8-F228-4774-BB68-5849BB079B27} = {79F92F2A-979B-404C-9568-B1545C7C8F6C}
		{F3709E95-A737-4275-8F33-9F3A71747633} = {591E2DF8-2EFF-4C62-A2CC-0A0FD0C40F74}
		{E78DF68E-0C1F-456E-B78D-4294699DB3CB} = {591E2DF8-2EFF-4C62-A2CC-0A0FD0C40F74}
	EndGlobalSection
EndGlobal
