
Microsoft Visual Studio Solution File, Format Version 12.00
# Visual Studio Version 17
VisualStudioVersion = 17.0.31903.59
MinimumVisualStudioVersion = 10.0.40219.1
Project("{2150E333-8FDC-42A3-9474-1A3956D46DE8}") = "src", "src", "{E2EA3531-D588-4507-AE9B-B9EC341E1799}"
EndProject
Project("{2150E333-8FDC-42A3-9474-1A3956D46DE8}") = "backend", "backend", "{591E2DF8-2EFF-4C62-A2CC-0A0FD0C40F74}"
EndProject
Project("{2150E333-8FDC-42A3-9474-1A3956D46DE8}") = "Core", "Core", "{79F92F2A-979B-404C-9568-B1545C7C8F6C}"
EndProject
Project("{FAE04EC0-301F-11D3-BF4B-00C04F79EFBC}") = "Domain", "src\backend\Core\Domain\Domain.csproj", "{5430005C-EBA1-4DC0-9A96-AEDC0C8436AD}"
EndProject
Project("{FAE04EC0-301F-11D3-BF4B-00C04F79EFBC}") = "Shared", "src\backend\Core\Shared\Shared.csproj", "{D7EC026E-09FB-43B0-9361-9162A28D437E}"
EndProject
Project("{2150E333-8FDC-42A3-9474-1A3956D46DE8}") = "Migrators", "Migrators", "{42D7BF87-E63D-6471-C77E-C852AAF14F46}"
EndProject
Project("{FAE04EC0-301F-11D3-BF4B-00C04F79EFBC}") = "Migrators.MSSQL", "src\backend\Migrators\Migrators.MSSQL\Migrators.MSSQL.csproj", "{D2D6BFEC-C8C0-457C-B87B-B98B9AB25BC3}"
EndProject
Project("{FAE04EC0-301F-11D3-BF4B-00C04F79EFBC}") = "Application", "src\backend\Core\Application\Application.csproj", "{FE665C10-D7AE-4C00-A241-6A53101B6B96}"
EndProject
Project("{FAE04EC0-301F-11D3-BF4B-00C04F79EFBC}") = "Infrastructure", "src\backend\Infrastructure\Infrastructure.csproj", "{EC9BC237-2D82-4ED3-93EB-B88179DE64A8}"
EndProject
Global
	GlobalSection(SolutionConfigurationPlatforms) = preSolution
		Debug|Any CPU = Debug|Any CPU
		Debug|x64 = Debug|x64
		Debug|x86 = Debug|x86
		Release|Any CPU = Release|Any CPU
		Release|x64 = Release|x64
		Release|x86 = Release|x86
	EndGlobalSection
	GlobalSection(ProjectConfigurationPlatforms) = postSolution
		{5430005C-EBA1-4DC0-9A96-AEDC0C8436AD}.Debug|Any CPU.ActiveCfg = Debug|Any CPU
		{5430005C-EBA1-4DC0-9A96-AEDC0C8436AD}.Debug|Any CPU.Build.0 = Debug|Any CPU
		{5430005C-EBA1-4DC0-9A96-AEDC0C8436AD}.Debug|x64.ActiveCfg = Debug|Any CPU
		{5430005C-EBA1-4DC0-9A96-AEDC0C8436AD}.Debug|x64.Build.0 = Debug|Any CPU
		{5430005C-EBA1-4DC0-9A96-AEDC0C8436AD}.Debug|x86.ActiveCfg = Debug|Any CPU
		{5430005C-EBA1-4DC0-9A96-AEDC0C8436AD}.Debug|x86.Build.0 = Debug|Any CPU
		{5430005C-EBA1-4DC0-9A96-AEDC0C8436AD}.Release|Any CPU.ActiveCfg = Release|Any CPU
		{5430005C-EBA1-4DC0-9A96-AEDC0C8436AD}.Release|Any CPU.Build.0 = Release|Any CPU
		{5430005C-EBA1-4DC0-9A96-AEDC0C8436AD}.Release|x64.ActiveCfg = Release|Any CPU
		{5430005C-EBA1-4DC0-9A96-AEDC0C8436AD}.Release|x64.Build.0 = Release|Any CPU
		{5430005C-EBA1-4DC0-9A96-AEDC0C8436AD}.Release|x86.ActiveCfg = Release|Any CPU
		{5430005C-EBA1-4DC0-9A96-AEDC0C8436AD}.Release|x86.Build.0 = Release|Any CPU
		{D7EC026E-09FB-43B0-9361-9162A28D437E}.Debug|Any CPU.ActiveCfg = Debug|Any CPU
		{D7EC026E-09FB-43B0-9361-9162A28D437E}.Debug|Any CPU.Build.0 = Debug|Any CPU
		{D7EC026E-09FB-43B0-9361-9162A28D437E}.Debug|x64.ActiveCfg = Debug|Any CPU
		{D7EC026E-09FB-43B0-9361-9162A28D437E}.Debug|x64.Build.0 = Debug|Any CPU
		{D7EC026E-09FB-43B0-9361-9162A28D437E}.Debug|x86.ActiveCfg = Debug|Any CPU
		{D7EC026E-09FB-43B0-9361-9162A28D437E}.Debug|x86.Build.0 = Debug|Any CPU
		{D7EC026E-09FB-43B0-9361-9162A28D437E}.Release|Any CPU.ActiveCfg = Release|Any CPU
		{D7EC026E-09FB-43B0-9361-9162A28D437E}.Release|Any CPU.Build.0 = Release|Any CPU
		{D7EC026E-09FB-43B0-9361-9162A28D437E}.Release|x64.ActiveCfg = Release|Any CPU
		{D7EC026E-09FB-43B0-9361-9162A28D437E}.Release|x64.Build.0 = Release|Any CPU
		{D7EC026E-09FB-43B0-9361-9162A28D437E}.Release|x86.ActiveCfg = Release|Any CPU
		{D7EC026E-09FB-43B0-9361-9162A28D437E}.Release|x86.Build.0 = Release|Any CPU
		{D2D6BFEC-C8C0-457C-B87B-B98B9AB25BC3}.Debug|Any CPU.ActiveCfg = Debug|Any CPU
		{D2D6BFEC-C8C0-457C-B87B-B98B9AB25BC3}.Debug|Any CPU.Build.0 = Debug|Any CPU
		{D2D6BFEC-C8C0-457C-B87B-B98B9AB25BC3}.Debug|x64.ActiveCfg = Debug|Any CPU
		{D2D6BFEC-C8C0-457C-B87B-B98B9AB25BC3}.Debug|x64.Build.0 = Debug|Any CPU
		{D2D6BFEC-C8C0-457C-B87B-B98B9AB25BC3}.Debug|x86.ActiveCfg = Debug|Any CPU
		{D2D6BFEC-C8C0-457C-B87B-B98B9AB25BC3}.Debug|x86.Build.0 = Debug|Any CPU
		{D2D6BFEC-C8C0-457C-B87B-B98B9AB25BC3}.Release|Any CPU.ActiveCfg = Release|Any CPU
		{D2D6BFEC-C8C0-457C-B87B-B98B9AB25BC3}.Release|Any CPU.Build.0 = Release|Any CPU
		{D2D6BFEC-C8C0-457C-B87B-B98B9AB25BC3}.Release|x64.ActiveCfg = Release|Any CPU
		{D2D6BFEC-C8C0-457C-B87B-B98B9AB25BC3}.Release|x64.Build.0 = Release|Any CPU
		{D2D6BFEC-C8C0-457C-B87B-B98B9AB25BC3}.Release|x86.ActiveCfg = Release|Any CPU
		{D2D6BFEC-C8C0-457C-B87B-B98B9AB25BC3}.Release|x86.Build.0 = Release|Any CPU
		{FE665C10-D7AE-4C00-A241-6A53101B6B96}.Debug|Any CPU.ActiveCfg = Debug|Any CPU
		{FE665C10-D7AE-4C00-A241-6A53101B6B96}.Debug|Any CPU.Build.0 = Debug|Any CPU
		{FE665C10-D7AE-4C00-A241-6A53101B6B96}.Debug|x64.ActiveCfg = Debug|Any CPU
		{FE665C10-D7AE-4C00-A241-6A53101B6B96}.Debug|x64.Build.0 = Debug|Any CPU
		{FE665C10-D7AE-4C00-A241-6A53101B6B96}.Debug|x86.ActiveCfg = Debug|Any CPU
		{FE665C10-D7AE-4C00-A241-6A53101B6B96}.Debug|x86.Build.0 = Debug|Any CPU
		{FE665C10-D7AE-4C00-A241-6A53101B6B96}.Release|Any CPU.ActiveCfg = Release|Any CPU
		{FE665C10-D7AE-4C00-A241-6A53101B6B96}.Release|Any CPU.Build.0 = Release|Any CPU
		{FE665C10-D7AE-4C00-A241-6A53101B6B96}.Release|x64.ActiveCfg = Release|Any CPU
		{FE665C10-D7AE-4C00-A241-6A53101B6B96}.Release|x64.Build.0 = Release|Any CPU
		{FE665C10-D7AE-4C00-A241-6A53101B6B96}.Release|x86.ActiveCfg = Release|Any CPU
		{FE665C10-D7AE-4C00-A241-6A53101B6B96}.Release|x86.Build.0 = Release|Any CPU
		{EC9BC237-2D82-4ED3-93EB-B88179DE64A8}.Debug|Any CPU.ActiveCfg = Debug|Any CPU
		{EC9BC237-2D82-4ED3-93EB-B88179DE64A8}.Debug|Any CPU.Build.0 = Debug|Any CPU
		{EC9BC237-2D82-4ED3-93EB-B88179DE64A8}.Debug|x64.ActiveCfg = Debug|Any CPU
		{EC9BC237-2D82-4ED3-93EB-B88179DE64A8}.Debug|x64.Build.0 = Debug|Any CPU
		{EC9BC237-2D82-4ED3-93EB-B88179DE64A8}.Debug|x86.ActiveCfg = Debug|Any CPU
		{EC9BC237-2D82-4ED3-93EB-B88179DE64A8}.Debug|x86.Build.0 = Debug|Any CPU
		{EC9BC237-2D82-4ED3-93EB-B88179DE64A8}.Release|Any CPU.ActiveCfg = Release|Any CPU
		{EC9BC237-2D82-4ED3-93EB-B88179DE64A8}.Release|Any CPU.Build.0 = Release|Any CPU
		{EC9BC237-2D82-4ED3-93EB-B88179DE64A8}.Release|x64.ActiveCfg = Release|Any CPU
		{EC9BC237-2D82-4ED3-93EB-B88179DE64A8}.Release|x64.Build.0 = Release|Any CPU
		{EC9BC237-2D82-4ED3-93EB-B88179DE64A8}.Release|x86.ActiveCfg = Release|Any CPU
		{EC9BC237-2D82-4ED3-93EB-B88179DE64A8}.Release|x86.Build.0 = Release|Any CPU
	EndGlobalSection
	GlobalSection(SolutionProperties) = preSolution
		HideSolutionNode = FALSE
	EndGlobalSection
	GlobalSection(NestedProjects) = preSolution
		{591E2DF8-2EFF-4C62-A2CC-0A0FD0C40F74} = {E2EA3531-D588-4507-AE9B-B9EC341E1799}
		{79F92F2A-979B-404C-9568-B1545C7C8F6C} = {591E2DF8-2EFF-4C62-A2CC-0A0FD0C40F74}
		{5430005C-EBA1-4DC0-9A96-AEDC0C8436AD} = {79F92F2A-979B-404C-9568-B1545C7C8F6C}
		{D7EC026E-09FB-43B0-9361-9162A28D437E} = {79F92F2A-979B-404C-9568-B1545C7C8F6C}
		{42D7BF87-E63D-6471-C77E-C852AAF14F46} = {591E2DF8-2EFF-4C62-A2CC-0A0FD0C40F74}
		{D2D6BFEC-C8C0-457C-B87B-B98B9AB25BC3} = {42D7BF87-E63D-6471-C77E-C852AAF14F46}
		{FE665C10-D7AE-4C00-A241-6A53101B6B96} = {79F92F2A-979B-404C-9568-B1545C7C8F6C}
		{EC9BC237-2D82-4ED3-93EB-B88179DE64A8} = {591E2DF8-2EFF-4C62-A2CC-0A0FD0C40F74}
	EndGlobalSection
EndGlobal
